
Microsoft Visual Studio Solution File, Format Version 12.00
# Visual Studio Version 17
VisualStudioVersion = 17.9.34607.119
MinimumVisualStudioVersion = 10.0.40219.1
Project("{FAE04EC0-301F-11D3-BF4B-00C04F79EFBC}") = "AccountWF", "AccountWF\AccountWF.csproj", "{65064E0C-3DE5-4180-8135-05FBA5967288}"
EndProject
Global
	GlobalSection(SolutionConfigurationPlatforms) = preSolution
		Debug|Any CPU = Debug|Any CPU
		Release|Any CPU = Release|Any CPU
	EndGlobalSection
	GlobalSection(ProjectConfigurationPlatforms) = postSolution
		{65064E0C-3DE5-4180-8135-05FBA5967288}.Debug|Any CPU.ActiveCfg = Debug|Any CPU
		{65064E0C-3DE5-4180-8135-05FBA5967288}.Debug|Any CPU.Build.0 = Debug|Any CPU
		{65064E0C-3DE5-4180-8135-05FBA5967288}.Release|Any CPU.ActiveCfg = Release|Any CPU
		{65064E0C-3DE5-4180-8135-05FBA5967288}.Release|Any CPU.Build.0 = Release|Any CPU
	EndGlobalSection
	GlobalSection(SolutionProperties) = preSolution
		HideSolutionNode = FALSE
	EndGlobalSection
	GlobalSection(ExtensibilityGlobals) = postSolution
		SolutionGuid = {FCBBED3C-5FC9-4245-B367-C1A08C6F502A}
	EndGlobalSection
EndGlobal
